version = 1
revision = 5
requires-python = ">=3.12"
resolution-markers = [
    "python_full_version >= '3.13'",
    "python_full_version < '3.13'",
]

[[package]]
name = "audioop-lts"
version = "0.2.2"
source = { registry = "https://pypi.org/simple" }
sdist = { url = "https://files.pythonhosted.org/packages/38/53/946db57842a50b2da2e0c1e34bd37f36f5aadba1a929a3971c5d7841dbca/audioop_lts-0.2.2.tar.gz", hash = "sha256:64d0c62d88e67b98a1a5e71987b7aa7b5bcffc7dcee65b635823dbdd0a8dbbd0", size = 30686, upload-time = "2025-08-05T16:43:17.409Z" }
wheels = [
    { url = "https://files.pythonhosted.org/packages/de/d4/94d277ca941de5a507b07f0b592f199c22454eeaec8f008a286b3fbbacd6/audioop_lts-0.2.2-cp313-abi3-macosx_10_13_universal2.whl", hash = "sha256:fd3d4602dc64914d462924a08c1a9816435a2155d74f325853c1f1ac3b2d9800", size = 46523, upload-time = "2025-08-05T16:42:20.836Z" },
    { url = "https://files.pythonhosted.org/packages/f8/5a/656d1c2da4b555920ce4177167bfeb8623d98765594af59702c8873f60ec/audioop_lts-0.2.2-cp313-abi3-macosx_10_13_x86_64.whl", hash = "sha256:550c114a8df0aafe9a05442a1162dfc8fec37e9af1d625ae6060fed6e756f303", size = 27455, upload-time = "2025-08-05T16:42:22.283Z" },
    { url = "https://files.pythonhosted.org/packages/1b/83/ea581e364ce7b0d41456fb79d6ee0ad482beda61faf0cab20cbd4c63a541/audioop_lts-0.2.2-cp313-abi3-macosx_11_0_arm64.whl", hash = "sha256:9a13dc409f2564de15dd68be65b462ba0dde01b19663720c68c1140c782d1d75", size = 26997, upload-time = "2025-08-05T16:42:23.849Z" },
    { url = "https://files.pythonhosted.org/packages/b8/3b/e8964210b5e216e5041593b7d33e97ee65967f17c282e8510d19c666dab4/audioop_lts-0.2.2-cp313-abi3-manylinux1_x86_64.manylinux_2_28_x86_64.manylinux_2_5_x86_64.whl", hash = "sha256:51c916108c56aa6e426ce611946f901badac950ee2ddaf302b7ed35d9958970d", size = 85844, upload-time = "2025-08-05T16:42:25.208Z" },
    { url = "https://files.pythonhosted.org/packages/c7/2e/0a1c52faf10d51def20531a59ce4c706cb7952323b11709e10de324d6493/audioop_lts-0.2.2-cp313-abi3-manylinux2014_aarch64.manylinux_2_17_aarch64.manylinux_2_28_aarch64.whl", hash = "sha256:47eba38322370347b1c47024defbd36374a211e8dd5b0dcbce7b34fdb6f8847b", size = 85056, upload-time = "2025-08-05T16:42:26.559Z" },
    { url = "https://files.pythonhosted.org/packages/75/e8/cd95eef479656cb75ab05dfece8c1f8c395d17a7c651d88f8e6e291a63ab/audioop_lts-0.2.2-cp313-abi3-manylinux2014_ppc64le.manylinux_2_17_ppc64le.manylinux_2_28_ppc64le.whl", hash = "sha256:ba7c3a7e5f23e215cb271516197030c32aef2e754252c4c70a50aaff7031a2c8", size = 93892, upload-time = "2025-08-05T16:42:27.902Z" },
    { url = "https://files.pythonhosted.org/packages/5c/1e/a0c42570b74f83efa5cca34905b3eef03f7ab09fe5637015df538a7f3345/audioop_lts-0.2.2-cp313-abi3-manylinux2014_s390x.manylinux_2_17_s390x.manylinux_2_28_s390x.whl", hash = "sha256:def246fe9e180626731b26e89816e79aae2276f825420a07b4a647abaa84becc", size = 96660, upload-time = "2025-08-05T16:42:28.9Z" },
    { url = "https://files.pythonhosted.org/packages/50/d5/8a0ae607ca07dbb34027bac8db805498ee7bfecc05fd2c148cc1ed7646e7/audioop_lts-0.2.2-cp313-abi3-manylinux_2_31_riscv64.manylinux_2_39_riscv64.whl", hash = "sha256:e160bf9df356d841bb6c180eeeea1834085464626dc1b68fa4e1d59070affdc3", size = 79143, upload-time = "2025-08-05T16:42:29.929Z" },
    { url = "https://files.pythonhosted.org/packages/12/17/0d28c46179e7910bfb0bb62760ccb33edb5de973052cb2230b662c14ca2e/audioop_lts-0.2.2-cp313-abi3-musllinux_1_2_aarch64.whl", hash = "sha256:4b4cd51a57b698b2d06cb9993b7ac8dfe89a3b2878e96bc7948e9f19ff51dba6", size = 84313, upload-time = "2025-08-05T16:42:30.949Z" },
    { url = "https://files.pythonhosted.org/packages/84/ba/bd5d3806641564f2024e97ca98ea8f8811d4e01d9b9f9831474bc9e14f9e/audioop_lts-0.2.2-cp313-abi3-musllinux_1_2_ppc64le.whl", hash = "sha256:4a53aa7c16a60a6857e6b0b165261436396ef7293f8b5c9c828a3a203147ed4a", size = 93044, upload-time = "2025-08-05T16:42:31.959Z" },
    { url = "https://files.pythonhosted.org/packages/f9/5e/435ce8d5642f1f7679540d1e73c1c42d933331c0976eb397d1717d7f01a3/audioop_lts-0.2.2-cp313-abi3-musllinux_1_2_riscv64.whl", hash = "sha256:3fc38008969796f0f689f1453722a0f463da1b8a6fbee11987830bfbb664f623", size = 78766, upload-time = "2025-08-05T16:42:33.302Z" },
    { url = "https://files.pythonhosted.org/packages/ae/3b/b909e76b606cbfd53875693ec8c156e93e15a1366a012f0b7e4fb52d3c34/audioop_lts-0.2.2-cp313-abi3-musllinux_1_2_s390x.whl", hash = "sha256:15ab25dd3e620790f40e9ead897f91e79c0d3ce65fe193c8ed6c26cffdd24be7", size = 87640, upload-time = "2025-08-05T16:42:34.854Z" },
    { url = "https://files.pythonhosted.org/packages/30/e7/8f1603b4572d79b775f2140d7952f200f5e6c62904585d08a01f0a70393a/audioop_lts-0.2.2-cp313-abi3-musllinux_1_2_x86_64.whl", hash = "sha256:03f061a1915538fd96272bac9551841859dbb2e3bf73ebe4a23ef043766f5449", size = 86052, upload-time = "2025-08-05T16:42:35.839Z" },
    { url = "https://files.pythonhosted.org/packages/b5/96/c37846df657ccdda62ba1ae2b6534fa90e2e1b1742ca8dcf8ebd38c53801/audioop_lts-0.2.2-cp313-abi3-win32.whl", hash = "sha256:3bcddaaf6cc5935a300a8387c99f7a7fbbe212a11568ec6cf6e4bc458c048636", size = 26185, upload-time = "2025-08-05T16:42:37.04Z" },
    { url = "https://files.pythonhosted.org/packages/34/a5/9d78fdb5b844a83da8a71226c7bdae7cc638861085fff7a1d707cb4823fa/audioop_lts-0.2.2-cp313-abi3-win_amd64.whl", hash = "sha256:a2c2a947fae7d1062ef08c4e369e0ba2086049a5e598fda41122535557012e9e", size = 30503, upload-time = "2025-08-05T16:42:38.427Z" },
    { url = "https://files.pythonhosted.org/packages/34/25/20d8fde083123e90c61b51afb547bb0ea7e77bab50d98c0ab243d02a0e43/audioop_lts-0.2.2-cp313-abi3-win_arm64.whl", hash = "sha256:5f93a5db13927a37d2d09637ccca4b2b6b48c19cd9eda7b17a2e9f77edee6a6f", size = 24173, upload-time = "2025-08-05T16:42:39.704Z" },
    { url = "https://files.pythonhosted.org/packages/58/a7/0a764f77b5c4ac58dc13c01a580f5d32ae8c74c92020b961556a43e26d02/audioop_lts-0.2.2-cp313-cp313t-macosx_10_13_universal2.whl", hash = "sha256:73f80bf4cd5d2ca7814da30a120de1f9408ee0619cc75da87d0641273d202a09", size = 47096, upload-time = "2025-08-05T16:42:40.684Z" },
    { url = "https://files.pythonhosted.org/packages/aa/ed/ebebedde1a18848b085ad0fa54b66ceb95f1f94a3fc04f1cd1b5ccb0ed42/audioop_lts-0.2.2-cp313-cp313t-macosx_10_13_x86_64.whl", hash = "sha256:106753a83a25ee4d6f473f2be6b0966fc1c9af7e0017192f5531a3e7463dce58", size = 27748, upload-time = "2025-08-05T16:42:41.992Z" },
    { url = "https://files.pythonhosted.org/packages/cb/6e/11ca8c21af79f15dbb1c7f8017952ee8c810c438ce4e2b25638dfef2b02c/audioop_lts-0.2.2-cp313-cp313t-macosx_11_0_arm64.whl", hash = "sha256:fbdd522624141e40948ab3e8cdae6e04c748d78710e9f0f8d4dae2750831de19", size = 27329, upload-time = "2025-08-05T16:42:42.987Z" },
    { url = "https://files.pythonhosted.org/packages/84/52/0022f93d56d85eec5da6b9da6a958a1ef09e80c39f2cc0a590c6af81dcbb/audioop_lts-0.2.2-cp313-cp313t-manylinux1_x86_64.manylinux_2_28_x86_64.manylinux_2_5_x86_64.whl", hash = "sha256:143fad0311e8209ece30a8dbddab3b65ab419cbe8c0dde6e8828da25999be911", size = 92407, upload-time = "2025-08-05T16:42:44.336Z" },
    { url = "https://files.pythonhosted.org/packages/87/1d/48a889855e67be8718adbc7a01f3c01d5743c325453a5e81cf3717664aad/audioop_lts-0.2.2-cp313-cp313t-manylinux2014_aarch64.manylinux_2_17_aarch64.manylinux_2_28_aarch64.whl", hash = "sha256:dfbbc74ec68a0fd08cfec1f4b5e8cca3d3cd7de5501b01c4b5d209995033cde9", size = 91811, upload-time = "2025-08-05T16:42:45.325Z" },
    { url = "https://files.pythonhosted.org/packages/98/a6/94b7213190e8077547ffae75e13ed05edc488653c85aa5c41472c297d295/audioop_lts-0.2.2-cp313-cp313t-manylinux2014_ppc64le.manylinux_2_17_ppc64le.manylinux_2_28_ppc64le.whl", hash = "sha256:cfcac6aa6f42397471e4943e0feb2244549db5c5d01efcd02725b96af417f3fe", size = 100470, upload-time = "2025-08-05T16:42:46.468Z" },
    { url = "https://files.pythonhosted.org/packages/e9/e9/78450d7cb921ede0cfc33426d3a8023a3bda755883c95c868ee36db8d48d/audioop_lts-0.2.2-cp313-cp313t-manylinux2014_s390x.manylinux_2_17_s390x.manylinux_2_28_s390x.whl", hash = "sha256:752d76472d9804ac60f0078c79cdae8b956f293177acd2316cd1e15149aee132", size = 103878, upload-time = "2025-08-05T16:42:47.576Z" },
    { url = "https://files.pythonhosted.org/packages/4f/e2/cd5439aad4f3e34ae1ee852025dc6aa8f67a82b97641e390bf7bd9891d3e/audioop_lts-0.2.2-cp313-cp313t-manylinux_2_31_riscv64.manylinux_2_39_riscv64.whl", hash = "sha256:83c381767e2cc10e93e40281a04852facc4cd9334550e0f392f72d1c0a9c5753", size = 84867, upload-time = "2025-08-05T16:42:49.003Z" },
    { url = "https://files.pythonhosted.org/packages/68/4b/9d853e9076c43ebba0d411e8d2aa19061083349ac695a7d082540bad64d0/audioop_lts-0.2.2-cp313-cp313t-musllinux_1_2_aarch64.whl", hash = "sha256:c0022283e9556e0f3643b7c3c03f05063ca72b3063291834cca43234f20c60bb", size = 90001, upload-time = "2025-08-05T16:42:50.038Z" },
    { url = "https://files.pythonhosted.org/packages/58/26/4bae7f9d2f116ed5593989d0e521d679b0d583973d203384679323d8fa85/audioop_lts-0.2.2-cp313-cp313t-musllinux_1_2_ppc64le.whl", hash = "sha256:a2d4f1513d63c795e82948e1305f31a6d530626e5f9f2605408b300ae6095093", size = 99046, upload-time = "2025-08-05T16:42:51.111Z" },
    { url = "https://files.pythonhosted.org/packages/b2/67/a9f4fb3e250dda9e9046f8866e9fa7d52664f8985e445c6b4ad6dfb55641/audioop_lts-0.2.2-cp313-cp313t-musllinux_1_2_riscv64.whl", hash = "sha256:c9c8e68d8b4a56fda8c025e538e639f8c5953f5073886b596c93ec9b620055e7", size = 84788, upload-time = "2025-08-05T16:42:52.198Z" },
    { url = "https://files.pythonhosted.org/packages/70/f7/3de86562db0121956148bcb0fe5b506615e3bcf6e63c4357a612b910765a/audioop_lts-0.2.2-cp313-cp313t-musllinux_1_2_s390x.whl", hash = "sha256:96f19de485a2925314f5020e85911fb447ff5fbef56e8c7c6927851b95533a1c", size = 94472, upload-time = "2025-08-05T16:42:53.59Z" },
    { url = "https://files.pythonhosted.org/packages/f1/32/fd772bf9078ae1001207d2df1eef3da05bea611a87dd0e8217989b2848fa/audioop_lts-0.2.2-cp313-cp313t-musllinux_1_2_x86_64.whl", hash = "sha256:e541c3ef484852ef36545f66209444c48b28661e864ccadb29daddb6a4b8e5f5", size = 92279, upload-time = "2025-08-05T16:42:54.632Z" },
    { url = "https://files.pythonhosted.org/packages/4f/41/affea7181592ab0ab560044632571a38edaf9130b84928177823fbf3176a/audioop_lts-0.2.2-cp313-cp313t-win32.whl", hash = "sha256:d5e73fa573e273e4f2e5ff96f9043858a5e9311e94ffefd88a3186a910c70917", size = 26568, upload-time = "2025-08-05T16:42:55.627Z" },
    { url = "https://files.pythonhosted.org/packages/28/2b/0372842877016641db8fc54d5c88596b542eec2f8f6c20a36fb6612bf9ee/audioop_lts-0.2.2-cp313-cp313t-win_amd64.whl", hash = "sha256:9191d68659eda01e448188f60364c7763a7ca6653ed3f87ebb165822153a8547", size = 30942, upload-time = "2025-08-05T16:42:56.674Z" },
    { url = "https://files.pythonhosted.org/packages/ee/ca/baf2b9cc7e96c179bb4a54f30fcd83e6ecb340031bde68f486403f943768/audioop_lts-0.2.2-cp313-cp313t-win_arm64.whl", hash = "sha256:c174e322bb5783c099aaf87faeb240c8d210686b04bd61dfd05a8e5a83d88969", size = 24603, upload-time = "2025-08-05T16:42:57.571Z" },
    { url = "https://files.pythonhosted.org/packages/5c/73/413b5a2804091e2c7d5def1d618e4837f1cb82464e230f827226278556b7/audioop_lts-0.2.2-cp314-cp314t-macosx_10_13_universal2.whl", hash = "sha256:f9ee9b52f5f857fbaf9d605a360884f034c92c1c23021fb90b2e39b8e64bede6", size = 47104, upload-time = "2025-08-05T16:42:58.518Z" },
    { url = "https://files.pythonhosted.org/packages/ae/8c/daa3308dc6593944410c2c68306a5e217f5c05b70a12e70228e7dd42dc5c/audioop_lts-0.2.2-cp314-cp314t-macosx_10_13_x86_64.whl", hash = "sha256:49ee1a41738a23e98d98b937a0638357a2477bc99e61b0f768a8f654f45d9b7a", size = 27754, upload-time = "2025-08-05T16:43:00.132Z" },
    { url = "https://files.pythonhosted.org/packages/4e/86/c2e0f627168fcf61781a8f72cab06b228fe1da4b9fa4ab39cfb791b5836b/audioop_lts-0.2.2-cp314-cp314t-macosx_11_0_arm64.whl", hash = "sha256:5b00be98ccd0fc123dcfad31d50030d25fcf31488cde9e61692029cd7394733b", size = 27332, upload-time = "2025-08-05T16:43:01.666Z" },
    { url = "https://files.pythonhosted.org/packages/c7/bd/35dce665255434f54e5307de39e31912a6f902d4572da7c37582809de14f/audioop_lts-0.2.2-cp314-cp314t-manylinux1_x86_64.manylinux_2_28_x86_64.manylinux_2_5_x86_64.whl", hash = "sha256:a6d2e0f9f7a69403e388894d4ca5ada5c47230716a03f2847cfc7bd1ecb589d6", size = 92396, upload-time = "2025-08-05T16:43:02.991Z" },
    { url = "https://files.pythonhosted.org/packages/2d/d2/deeb9f51def1437b3afa35aeb729d577c04bcd89394cb56f9239a9f50b6f/audioop_lts-0.2.2-cp314-cp314t-manylinux2014_aarch64.manylinux_2_17_aarch64.manylinux_2_28_aarch64.whl", hash = "sha256:f9b0b8a03ef474f56d1a842af1a2e01398b8f7654009823c6d9e0ecff4d5cfbf", size = 91811, upload-time = "2025-08-05T16:43:04.096Z" },
    { url = "https://files.pythonhosted.org/packages/76/3b/09f8b35b227cee28cc8231e296a82759ed80c1a08e349811d69773c48426/audioop_lts-0.2.2-cp314-cp314t-manylinux2014_ppc64le.manylinux_2_17_ppc64le.manylinux_2_28_ppc64le.whl", hash = "sha256:2b267b70747d82125f1a021506565bdc5609a2b24bcb4773c16d79d2bb260bbd", size = 100483, upload-time = "2025-08-05T16:43:05.085Z" },
    { url = "https://files.pythonhosted.org/packages/0b/15/05b48a935cf3b130c248bfdbdea71ce6437f5394ee8533e0edd7cfd93d5e/audioop_lts-0.2.2-cp314-cp314t-manylinux2014_s390x.manylinux_2_17_s390x.manylinux_2_28_s390x.whl", hash = "sha256:0337d658f9b81f4cd0fdb1f47635070cc084871a3d4646d9de74fdf4e7c3d24a", size = 103885, upload-time = "2025-08-05T16:43:06.197Z" },
    { url = "https://files.pythonhosted.org/packages/83/80/186b7fce6d35b68d3d739f228dc31d60b3412105854edb975aa155a58339/audioop_lts-0.2.2-cp314-cp314t-manylinux_2_31_riscv64.manylinux_2_39_riscv64.whl", hash = "sha256:167d3b62586faef8b6b2275c3218796b12621a60e43f7e9d5845d627b9c9b80e", size = 84899, upload-time = "2025-08-05T16:43:07.291Z" },
    { url = "https://files.pythonhosted.org/packages/49/89/c78cc5ac6cb5828f17514fb12966e299c850bc885e80f8ad94e38d450886/audioop_lts-0.2.2-cp314-cp314t-musllinux_1_2_aarch64.whl", hash = "sha256:0d9385e96f9f6da847f4d571ce3cb15b5091140edf3db97276872647ce37efd7", size = 89998, upload-time = "2025-08-05T16:43:08.335Z" },
    { url = "https://files.pythonhosted.org/packages/4c/4b/6401888d0c010e586c2ca50fce4c903d70a6bb55928b16cfbdfd957a13da/audioop_lts-0.2.2-cp314-cp314t-musllinux_1_2_ppc64le.whl", hash = "sha256:48159d96962674eccdca9a3df280e864e8ac75e40a577cc97c5c42667ffabfc5", size = 99046, upload-time = "2025-08-05T16:43:09.367Z" },
    { url = "https://files.pythonhosted.org/packages/de/f8/c874ca9bb447dae0e2ef2e231f6c4c2b0c39e31ae684d2420b0f9e97ee68/audioop_lts-0.2.2-cp314-cp314t-musllinux_1_2_riscv64.whl", hash = "sha256:8fefe5868cd082db1186f2837d64cfbfa78b548ea0d0543e9b28935ccce81ce9", size = 84843, upload-time = "2025-08-05T16:43:10.749Z" },
    { url = "https://files.pythonhosted.org/packages/3e/c0/0323e66f3daebc13fd46b36b30c3be47e3fc4257eae44f1e77eb828c703f/audioop_lts-0.2.2-cp314-cp314t-musllinux_1_2_s390x.whl", hash = "sha256:58cf54380c3884fb49fdd37dfb7a772632b6701d28edd3e2904743c5e1773602", size = 94490, upload-time = "2025-08-05T16:43:12.131Z" },
    { url = "https://files.pythonhosted.org/packages/98/6b/acc7734ac02d95ab791c10c3f17ffa3584ccb9ac5c18fd771c638ed6d1f5/audioop_lts-0.2.2-cp314-cp314t-musllinux_1_2_x86_64.whl", hash = "sha256:088327f00488cdeed296edd9215ca159f3a5a5034741465789cad403fcf4bec0", size = 92297, upload-time = "2025-08-05T16:43:13.139Z" },
    { url = "https://files.pythonhosted.org/packages/13/c3/c3dc3f564ce6877ecd2a05f8d751b9b27a8c320c2533a98b0c86349778d0/audioop_lts-0.2.2-cp314-cp314t-win32.whl", hash = "sha256:068aa17a38b4e0e7de771c62c60bbca2455924b67a8814f3b0dee92b5820c0b3", size = 27331, upload-time = "2025-08-05T16:43:14.19Z" },
    { url = "https://files.pythonhosted.org/packages/72/bb/b4608537e9ffcb86449091939d52d24a055216a36a8bf66b936af8c3e7ac/audioop_lts-0.2.2-cp314-cp314t-win_amd64.whl", hash = "sha256:a5bf613e96f49712073de86f20dbdd4014ca18efd4d34ed18c75bd808337851b", size = 31697, upload-time = "2025-08-05T16:43:15.193Z" },
    { url = "https://files.pythonhosted.org/packages/f6/22/91616fe707a5c5510de2cac9b046a30defe7007ba8a0c04f9c08f27df312/audioop_lts-0.2.2-cp314-cp314t-win_arm64.whl", hash = "sha256:b492c3b040153e68b9fdaff5913305aaaba5bb433d8a7f73d5cf6a64ed3cc1dd", size = 25206, upload-time = "2025-08-05T16:43:16.444Z" },
]

[[package]]
name = "evdev"
version = "2.0.0"
source = { registry = "https://pypi.org/simple" }
sdist = { url = "https://files.pythonhosted.org/packages/2e/07/eb30593524303d1367f0dc00c1c66582c994dba412a47751e34bad9fa29b/evdev-2.0.0.tar.gz", hash = "sha256:442fb3f4c8dfc9e61e901133c356220c02d663eca8f34722e0cecdd637eba504", size = 33766, upload-time = "2026-08-23T10:31:26.835Z" }

[[package]]
name = "fred"
version = "0.1.0"
source = { editable = "." }
dependencies = [
    { name = "pyaudio" },
    { name = "pynput" },
    { name = "speechrecognition" },
]

[package.metadata]
requires-dist = [
    { name = "pyaudio" },
    { name = "pynput", specifier = ">=1.8.2" },
    { name = "speechrecognition", specifier = ">=3.17.0" },
]

[[package]]
name = "pyaudio"
version = "0.2.14"
source = { registry = "https://pypi.org/simple" }
sdist = { url = "https://files.pythonhosted.org/packages/26/1d/8878c7752febb0f6716a7e1a52cb92ac98871c5aa522cba181878091607c/PyAudio-0.2.14.tar.gz", hash = "sha256:78dfff3879b4994d1f4fc6485646a57755c6ee3c19647a491f790a0895bd2f87", size = 47066, upload-time = "2023-11-07T07:11:48.806Z" }
wheels = [
    { url = "https://files.pythonhosted.org/packages/8d/45/8d2b76e8f6db783f9326c1305f3f816d4a12c8eda5edc6a2e1d03c097c3b/PyAudio-0.2.14-cp312-cp312-win32.whl", hash = "sha256:5fce4bcdd2e0e8c063d835dbe2860dac46437506af509353c7f8114d4bacbd5b", size = 144750, upload-time = "2023-11-07T07:11:40.142Z" },
    { url = "https://files.pythonhosted.org/packages/b0/6a/d25812e5f79f06285767ec607b39149d02aa3b31d50c2269768f48768930/PyAudio-0.2.14-cp312-cp312-win_amd64.whl", hash = "sha256:12f2f1ba04e06ff95d80700a78967897a489c05e093e3bffa05a84ed9c0a7fa3", size = 164126, upload-time = "2023-11-07T07:11:41.539Z" },
    { url = "https://files.pythonhosted.org/packages/3a/77/66cd37111a87c1589b63524f3d3c848011d21ca97828422c7fde7665ff0d/PyAudio-0.2.14-cp313-cp313-win32.whl", hash = "sha256:95328285b4dab57ea8c52a4a996cb52be6d629353315be5bfda403d15932a497", size = 150982, upload-time = "2024-11-20T19:12:12.404Z" },
    { url = "https://files.pythonhosted.org/packages/a5/8b/7f9a061c1cc2b230f9ac02a6003fcd14c85ce1828013aecbaf45aa988d20/PyAudio-0.2.14-cp313-cp313-win_amd64.whl", hash = "sha256:692d8c1446f52ed2662120bcd9ddcb5aa2b71f38bda31e58b19fb4672fffba69", size = 173655, upload-time = "2024-11-20T19:12:13.616Z" },
]

[[package]]
name = "pynput"
version = "1.8.2"
source = { registry = "https://pypi.org/simple" }
dependencies = [
    { name = "evdev", marker = "'linux' in sys_platform" },
    { name = "pyobjc-framework-applicationservices", marker = "sys_platform == 'darwin'" },
    { name = "pyobjc-framework-quartz", marker = "sys_platform == 'darwin'" },
    { name = "python-xlib", marker = "'linux' in sys_platform" },
    { name = "six" },
]
sdist = { url = "https://files.pythonhosted.org/packages/86/c6/e2d415610cfbc78308bee44218a46124aaa3301b1df08814df819b2254a1/pynput-1.8.2.tar.gz", hash = "sha256:f493c87157cd3861b4468f7f896857051762f44ed26f1b641e7cc5840a457087", size = 82818, upload-time = "2026-05-12T19:11:39.464Z" }
wheels = [
    { url = "https://files.pythonhosted.org/packages/6d/98/bbeb760852adb27f166ce1617f0e51aabb15f21b1e60ea703f2aed3c78ac/pynput-1.8.2-py2.py3-none-any.whl", hash = "sha256:8cc38cf13a6ab2749cb375678be8a0fd705d7ce49c8001ff5db4007a723bbef1", size = 92028, upload-time = "2026-05-12T19:11:37.89Z" },
]

[[package]]
name = "pyobjc-core"
version = "12.2.2"
source = { registry = "https://pypi.org/simple" }
sdist = { url = "https://files.pythonhosted.org/packages/a5/78/abc4ce5920305780aeb36b4067a86253378b36e29ba96673a3deb02eb03a/pyobjc_core-12.2.2.tar.gz", hash = "sha256:3906452339cd06a3bb07df103c2511d4cb0f7a22d8771c0b802eba15d9a642b6", size = 1067701, upload-time = "2026-08-11T19:43:39.059Z" }
wheels = [
    { url = "https://files.pythonhosted.org/packages/86/b2/bbf7f049880ab40d110e66f25122342a1f6c98d6fe3c59bb98985503c660/pyobjc_core-12.2.2-cp312-cp312-macosx_10_13_universal2.whl", hash = "sha256:122e6ad302a2abf5d4d4adb0156db751600ddf2768441696cba17b31323085e7", size = 6427637, upload-time = "2026-08-11T14:51:36.038Z" },
    { url = "https://files.pythonhosted.org/packages/1b/ed/a8bf040caf3704023d74086b7fb96cf4ed2e844e24bd94e5248ba214b700/pyobjc_core-12.2.2-cp313-cp313-macosx_10_13_universal2.whl", hash = "sha256:950bd2d9c74634398c4e3d24ef2f213d4e23d705083697464fa67afedc53c1ad", size = 6427113, upload-time = "2026-08-11T15:04:39.424Z" },
    { url = "https://files.pythonhosted.org/packages/e7/5a/760f8b9e116edd43c57e33844dc17619158fbdd311250d4209910192d72d/pyobjc_core-12.2.2-cp313-cp313t-macosx_10_13_universal2.whl", hash = "sha256:3772b406edb3ff78171530a17cda1c4a7817f87b87ded0d8715b3fa664df16db", size = 6666817, upload-time = "2026-08-11T19:30:17.01Z" },
    { url = "https://files.pythonhosted.org/packages/13/37/486d38a173b0b8dce973a3e13c74cf402ed1b8621586b5963bc9efd49a48/pyobjc_core-12.2.2-cp314-cp314-macosx_10_15_universal2.whl", hash = "sha256:2062e8ad30a310441cd022544a897553408bebeaa7820d5edba3c96fd7fd693b", size = 6421184, upload-time = "2026-08-11T19:30:21.081Z" },
    { url = "https://files.pythonhosted.org/packages/04/f1/d138fd9b9a66ea8db56a8138b77d3413b85da3defe13363a19f364f85529/pyobjc_core-12.2.2-cp314-cp314t-macosx_10_15_universal2.whl", hash = "sha256:2c7ef3d2f865b4b3ebb14ec3556f7a3e8abb6d130c67275cd9daa08dbd6e4e4e", size = 6671824, upload-time = "2026-08-11T19:30:25.005Z" },
    { url = "https://files.pythonhosted.org/packages/d5/85/577e2265cccf59daf48c460f0a8deeaf7dbe2991227a8859ab1eeab4945e/pyobjc_core-12.2.2-cp315-cp315-macosx_10_15_universal2.whl", hash = "sha256:89acc6bc13aaa6e3f52b0ce652ede7e201edb6bf062741b246b0c5a44582f25f", size = 6477694, upload-time = "2026-08-11T19:30:28.821Z" },
    { url = "https://files.pythonhosted.org/packages/77/0a/bd9f830c64c6f334530831e75c01bfe0a770a3fbb00fddc70329223118b3/pyobjc_core-12.2.2-cp315-cp315t-macosx_10_15_universal2.whl", hash = "sha256:59a77038ebe0ab1240f61c341e7fb67b8674f2b4cd41bc71a6472511a12b50f7", size = 6712233, upload-time = "2026-08-11T19:30:33.032Z" },
]

[[package]]
name = "pyobjc-framework-applicationservices"
version = "12.2.2"
source = { registry = "https://pypi.org/simple" }
dependencies = [
    { name = "pyobjc-core" },
    { name = "pyobjc-framework-cocoa" },
    { name = "pyobjc-framework-coretext" },
    { name = "pyobjc-framework-quartz" },
]
sdist = { url = "https://files.pythonhosted.org/packages/29/40/b792ecc88a9fa639318509c127f0b153cd334bd27b47df373f4b7362a36d/pyobjc_framework_applicationservices-12.2.2.tar.gz", hash = "sha256:0bcc09531d5854598fd74706d999e4ae3b7c503204d318910d02eba30e8eecef", size = 109668, upload-time = "2026-08-11T19:43:45.347Z" }
wheels = [
    { url = "https://files.pythonhosted.org/packages/00/ed/9d85751400f1cd23d71c824a57352ec4d216a8728255dc00c032c431d3ad/pyobjc_framework_applicationservices-12.2.2-cp312-cp312-macosx_10_13_universal2.whl", hash = "sha256:5506bd6b5268a97fcb79b5b021f6cbbaaf5cdff3ec87094d8870268d8cf096ed", size = 32765, upload-time = "2026-08-11T19:30:56.696Z" },
    { url = "https://files.pythonhosted.org/packages/b1/9d/fe660a822cc66a4261227b1597855c802b04dee56e5c8c153b9d5e6bcf0d/pyobjc_framework_applicationservices-12.2.2-cp313-cp313-macosx_10_13_universal2.whl", hash = "sha256:3b5693a377480cf127caa1c8c835b8620896971029c545d99d01aa31a2c38159", size = 32787, upload-time = "2026-08-11T19:30:57.52Z" },
    { url = "https://files.pythonhosted.org/packages/18/8c/deec4cdf8bc7b21bc2fb9e0e25e3cf99acb645d46207e8e6298a70b7f310/pyobjc_framework_applicationservices-12.2.2-cp313-cp313t-macosx_10_13_universal2.whl", hash = "sha256:93ba63aad6607f369c1b38bf91306731da6306fdde5eb67afa407b3f8a87dda7", size = 33043, upload-time = "2026-08-11T19:30:58.669Z" },
    { url = "https://files.pythonhosted.org/packages/f8/cb/44f11b0c2c9fde80eff62e761ac006735811acadac007ffd5d33a97d7530/pyobjc_framework_applicationservices-12.2.2-cp314-cp314-macosx_10_15_universal2.whl", hash = "sha256:1af01a271b85eae2a327e93cf3ec46de0199a1a933594f78d4c2b9b9c2240e5e", size = 32921, upload-time = "2026-08-11T19:30:59.608Z" },
    { url = "https://files.pythonhosted.org/packages/ec/05/e3935a3d49c9e289c7229a49ea96757a54bab075dd8b41b3f28f60e1415f/pyobjc_framework_applicationservices-12.2.2-cp314-cp314t-macosx_10_15_universal2.whl", hash = "sha256:4188a79f2774778dd5f2bcfb49b856d08dd824862f072924be40274b5a5cad95", size = 33160, upload-time = "2026-08-11T19:31:00.759Z" },
    { url = "https://files.pythonhosted.org/packages/1e/9e/23ff404a3ae067746465bcf162b12b8c892ae25a66c72231c702ae1e874e/pyobjc_framework_applicationservices-12.2.2-cp315-cp315-macosx_10_15_universal2.whl", hash = "sha256:fc861e14f78e7370e982202b21db8bcb562dc14cd4098e557a17961d3411de45", size = 32912, upload-time = "2026-08-11T19:31:01.612Z" },
    { url = "https://files.pythonhosted.org/packages/78/f6/e68ae3cc13ff08b5e8aaef754f884fb4afb394dbc17ebb3858e65e9d095e/pyobjc_framework_applicationservices-12.2.2-cp315-cp315t-macosx_10_15_universal2.whl", hash = "sha256:3f9dde6d8e8fb8ebd79ac6e84212c1d294eba48fa2d4c467a29614c3ca5ef2f8", size = 33155, upload-time = "2026-08-11T19:31:02.579Z" },
]

[[package]]
name = "pyobjc-framework-cocoa"
version = "12.2.2"
source = { registry = "https://pypi.org/simple" }
dependencies = [
    { name = "pyobjc-core" },
]
sdist = { url = "https://files.pythonhosted.org/packages/75/76/49c6da2c6a831020b4854ba20079d5a1030474bffc776b7b73c2eeff8c15/pyobjc_framework_cocoa-12.2.2.tar.gz", hash = "sha256:c96c0ef69a71afbbb0e6a7d594b455c5fe47d62e0db376ee7a2b4b828c16ace9", size = 3132831, upload-time = "2026-08-11T19:44:02.288Z" }
wheels = [
    { url = "https://files.pythonhosted.org/packages/fd/2f/b67e73d8bc367e03fe7861cd9c49fff9dcfa6db83bc0630c0adcfb25b7fa/pyobjc_framework_cocoa-12.2.2-cp312-cp312-macosx_10_13_universal2.whl", hash = "sha256:e106f395531e67694376b0f1184612cbeea3ec8b9bf56b55ef41d026171d2a2d", size = 388117, upload-time = "2026-08-11T19:32:43.161Z" },
    { url = "https://files.pythonhosted.org/packages/db/e1/5d9b04ebb60042b9cb49adc2d33115e2f2c2e4ff7d548017bfaff8b7f536/pyobjc_framework_cocoa-12.2.2-cp313-cp313-macosx_10_13_universal2.whl", hash = "sha256:600b1723184ca094931330e79355274949965460e23de38628d601b5a967baf9", size = 388181, upload-time = "2026-08-11T19:32:44.537Z" },
    { url = "https://files.pythonhosted.org/packages/b4/25/2a343357d5fe09bbe9c0e294dc03450866a0d6c1792fad36b6bcc00174c0/pyobjc_framework_cocoa-12.2.2-cp313-cp313t-macosx_10_13_universal2.whl", hash = "sha256:875f2aad73963faa81a6b36ae674fd494a4658d6d999e1075e0e2aca3d2391df", size = 392275, upload-time = "2026-08-11T19:32:45.631Z" },
    { url = "https://files.pythonhosted.org/packages/1f/1a/b99521999b9f54b89aad928ddff0faad507abfe33bc46599454bfa48a4b2/pyobjc_framework_cocoa-12.2.2-cp314-cp314-macosx_10_15_universal2.whl", hash = "sha256:889d7bbd4ba2d4941078bfbbfb882138e51dbead27df006abfe0f2e0d49b5b2e", size = 388368, upload-time = "2026-08-11T19:32:46.781Z" },
    { url = "https://files.pythonhosted.org/packages/6d/26/0c697dbc73dcc76bc0f68ea5aeed25bf7b05217df5102659e878501b2d5f/pyobjc_framework_cocoa-12.2.2-cp314-cp314t-macosx_10_15_universal2.whl", hash = "sha256:de69c5933750f3a4599ed962eccd92b6a71914c7e4318dacc7895738a8ae60d7", size = 392404, upload-time = "2026-08-11T19:32:47.918Z" },
    { url = "https://files.pythonhosted.org/packages/df/82/502f740fd8f4e9ef741c9d40ba67467ab2c8196f2c09dcba12936d28a4fd/pyobjc_framework_cocoa-12.2.2-cp315-cp315-macosx_10_15_universal2.whl", hash = "sha256:0e8ace0d44a00d281281a723d17fcd05eea7544a38a6a512e1fd018ddb7aece2", size = 388585, upload-time = "2026-08-11T19:32:49.171Z" },
    { url = "https://files.pythonhosted.org/packages/7d/3b/07ce3c0ab8d1e9e1bed74fea1bf1cce73527a365a7a23c755051d3be9865/pyobjc_framework_cocoa-12.2.2-cp315-cp315t-macosx_10_15_universal2.whl", hash = "sha256:8fe5b2e79c9530f667b4e58a87a3a15ea62f86a5d19eec405517ecbd4f454868", size = 392693, upload-time = "2026-08-11T19:32:50.283Z" },
]

[[package]]
name = "pyobjc-framework-coretext"
version = "12.2.2"
source = { registry = "https://pypi.org/simple" }
dependencies = [
    { name = "pyobjc-core" },
    { name = "pyobjc-framework-cocoa" },
    { name = "pyobjc-framework-quartz" },
]
sdist = { url = "https://files.pythonhosted.org/packages/6d/66/405006d3502ffcd3bc69e0b7249ab7c05a5b43a07fa3959ce6b2a84f3278/pyobjc_framework_coretext-12.2.2.tar.gz", hash = "sha256:64ddc02303217028e32e22c7cc00b5112d84e9d9a67c37d00c2e54f9172284ab", size = 97658, upload-time = "2026-08-11T19:44:17.207Z" }
wheels = [
    { url = "https://files.pythonhosted.org/packages/1c/88/e85a9268285fc0c28284dbdc869a27f5d3f2e436d2838221a6704b4f8eee/pyobjc_framework_coretext-12.2.2-cp312-cp312-macosx_10_13_universal2.whl", hash = "sha256:a69611de569d92776e6391ca25492a5bbb4a05ba744006349e377a4fc5f7c8a5", size = 30120, upload-time = "2026-08-11T19:34:41.94Z" },
    { url = "https://files.pythonhosted.org/packages/6c/6d/e1a4c572c867bd40b705687c741a747083c6dbc63bd797bb6ed5c5108f6e/pyobjc_framework_coretext-12.2.2-cp313-cp313-macosx_10_13_universal2.whl", hash = "sha256:dbd0f288a859e359ee8e7ccf45bc2c489f38ae1087c21468b61d700433e0c91b", size = 30117, upload-time = "2026-08-11T19:34:42.88Z" },
    { url = "https://files.pythonhosted.org/packages/aa/de/ffdf698b69a2b26af73d32ba1bcc06bc6efc0699f5936995017a66c42efb/pyobjc_framework_coretext-12.2.2-cp313-cp313t-macosx_10_13_universal2.whl", hash = "sha256:1324d91305022b1de03a12cf82de2b42c87dafe9b12cde6237253658a8637139", size = 30663, upload-time = "2026-08-11T19:34:43.635Z" },
    { url = "https://files.pythonhosted.org/packages/dc/7d/e1bcc7acdbe431d3bc2d8a7a8e807e99f552a9e1479f936d6318cfd7c0c0/pyobjc_framework_coretext-12.2.2-cp314-cp314-macosx_10_15_universal2.whl", hash = "sha256:295d1037494630527acc24d116b0301ab5cf5e918952f49f7bf4f76ebae24d0c", size = 30101, upload-time = "2026-08-11T19:34:44.577Z" },
    { url = "https://files.pythonhosted.org/packages/50/f4/8d489c3bd31644a8f1fc5f6416e27ccb0252cc6eb535788bebfa9ef43d9d/pyobjc_framework_coretext-12.2.2-cp314-cp314t-macosx_10_15_universal2.whl", hash = "sha256:b585f0db77280930cb32e71cf8d27f5203d8c0f42a65fba690294530ab6e1aa6", size = 30644, upload-time = "2026-08-11T19:34:45.357Z" },
    { url = "https://files.pythonhosted.org/packages/6f/f4/8b5a1e09b4cf938a3c27474c84f9cbd4ac14d411b6d59a6d7653290f26e4/pyobjc_framework_coretext-12.2.2-cp315-cp315-macosx_10_15_universal2.whl", hash = "sha256:f1ad871d761bad9a0d461cceeeff7375a39f4d181c2a206dada6fc05307fec12", size = 30103, upload-time = "2026-08-11T19:34:46.155Z" },
    { url = "https://files.pythonhosted.org/packages/e8/81/392f9054dc897ed0db83b09775c3eb4906b189c1a6f62903105ac7fbddcd/pyobjc_framework_coretext-12.2.2-cp315-cp315t-macosx_10_15_universal2.whl", hash = "sha256:1dc50de18346c4d6c89a51df066f03beea81e3557e3090ddc2a7a59395332fd8", size = 30666, upload-time = "2026-08-11T19:34:46.92Z" },
]

[[package]]
name = "pyobjc-framework-quartz"
version = "12.2.2"
source = { registry = "https://pypi.org/simple" }
dependencies = [
    { name = "pyobjc-core" },
    { name = "pyobjc-framework-cocoa" },
]
sdist = { url = "https://files.pythonhosted.org/packages/35/b1/426a37c7ae37280b3ffca2571fb48f211946aee2f4ca31a603ed1943c4a7/pyobjc_framework_quartz-12.2.2.tar.gz", hash = "sha256:810f97b210cfd93704d240860286dfd6df09f9f1c52525fc5c2166723aea3f9e", size = 3218295, upload-time = "2026-08-11T19:45:15.189Z" }
wheels = [
    { url = "https://files.pythonhosted.org/packages/ed/e4/8be95d2ff850f82fb55b44c63333a00a920bf8a73642e7d9c2f3638a26d2/pyobjc_framework_quartz-12.2.2-cp312-cp312-macosx_10_13_universal2.whl", hash = "sha256:7f668979d0c7320bf8f7ed6e030da578f93ab0f5dd619b295ec735cd8d5faa34", size = 219003, upload-time = "2026-08-11T19:40:24.425Z" },
    { url = "https://files.pythonhosted.org/packages/bb/ae/b515852dbe491171f2f2e2eb7739588a5eb7f36720a739545337b8c0d706/pyobjc_framework_quartz-12.2.2-cp313-cp313-macosx_10_13_universal2.whl", hash = "sha256:0ec9751904ef975bf0789d760dc4fadcb400edc4ffe4a736eb54971968babe5c", size = 219404, upload-time = "2026-08-11T19:40:25.461Z" },
    { url = "https://files.pythonhosted.org/packages/ff/5f/c7ee66f4483385396d91f65036c62f3dd20bccaa07354643ef17b259aa75/pyobjc_framework_quartz-12.2.2-cp313-cp313t-macosx_10_13_universal2.whl", hash = "sha256:63f6f0f3233dcf650aac1374781e78961b0b17b33e3351953bacf8bd0c430593", size = 224462, upload-time = "2026-08-11T19:40:26.647Z" },
    { url = "https://files.pythonhosted.org/packages/b1/33/230ae7777b0909fe2c24f28413c51c860faebf762d824b097a0e2fb48304/pyobjc_framework_quartz-12.2.2-cp314-cp314-macosx_10_15_universal2.whl", hash = "sha256:1f7f3d9010e38f03ea1fa266664c10ea349cd7492bd603b403584f49d713dbed", size = 219773, upload-time = "2026-08-11T19:40:27.64Z" },
    { url = "https://files.pythonhosted.org/packages/25/eb/7482fdd384521916e98a6164be220494b1f7794792b1d60fa3f5207d84a4/pyobjc_framework_quartz-12.2.2-cp314-cp314t-macosx_10_15_universal2.whl", hash = "sha256:ebf8167ca2096cf3a05199decfa517be0df4c56048f49cf132bd6b1a6ab9c086", size = 224726, upload-time = "2026-08-11T19:40:28.718Z" },
    { url = "https://files.pythonhosted.org/packages/33/67/b4b0ffc486b08492bfef4b33731d044b295f1696c8fb7d119c8367079139/pyobjc_framework_quartz-12.2.2-cp315-cp315-macosx_10_15_universal2.whl", hash = "sha256:cee63b891c2b6b7ccf98f233175411529f3e80286f58438793b3634af79858f1", size = 219827, upload-time = "2026-08-11T19:40:29.764Z" },
    { url = "https://files.pythonhosted.org/packages/aa/eb/5fb627c2457046883c6fd12d25c44db40c12bcde4622dc0f30851108e106/pyobjc_framework_quartz-12.2.2-cp315-cp315t-macosx_10_15_universal2.whl", hash = "sha256:8f58c589b5a76ba98f186b1f3b19fb1c8b730e82351f81fb62e6194f64a71622", size = 224767, upload-time = "2026-08-11T19:40:30.991Z" },
]

[[package]]
name = "python-xlib"
version = "0.33"
source = { registry = "https://pypi.org/simple" }
dependencies = [
    { name = "six" },
]
sdist = { url = "https://files.pythonhosted.org/packages/86/f5/8c0653e5bb54e0cbdfe27bf32d41f27bc4e12faa8742778c17f2a71be2c0/python-xlib-0.33.tar.gz", hash = "sha256:55af7906a2c75ce6cb280a584776080602444f75815a7aff4d287bb2d7018b32", size = 269068, upload-time = "2022-12-25T18:53:00.824Z" }
wheels = [
    { url = "https://files.pythonhosted.org/packages/fc/b8/ff33610932e0ee81ae7f1269c890f697d56ff74b9f5b2ee5d9b7fa2c5355/python_xlib-0.33-py2.py3-none-any.whl", hash = "sha256:c3534038d42e0df2f1392a1b30a15a4ff5fdc2b86cfa94f072bf11b10a164398", size = 182185, upload-time = "2022-12-25T18:52:58.662Z" },
]

[[package]]
name = "six"
version = "1.17.0"
source = { registry = "https://pypi.org/simple" }
sdist = { url = "https://files.pythonhosted.org/packages/94/e7/b2c673351809dca68a0e064b6af791aa332cf192da575fd474ed7d6f16a2/six-1.17.0.tar.gz", hash = "sha256:ff70335d468e7eb6ec65b95b99d3a2836546063f63acc5171de367e834932a81", size = 34031, upload-time = "2024-12-04T17:35:28.174Z" }
wheels = [
    { url = "https://files.pythonhosted.org/packages/b7/ce/149a00dd41f10bc29e5921b496af8b574d8413afcd5e30dfa0ed46c2cc5e/six-1.17.0-py2.py3-none-any.whl", hash = "sha256:4721f391ed90541fddacab5acf947aa0d3dc7d27b2e1e8eda2be8970586c3274", size = 11050, upload-time = "2024-12-04T17:35:26.475Z" },
]

[[package]]
name = "speechrecognition"
version = "3.17.0"
source = { registry = "https://pypi.org/simple" }
dependencies = [
    { name = "audioop-lts", marker = "python_full_version >= '3.13'" },
    { name = "standard-aifc", marker = "python_full_version >= '3.13'" },
    { name = "typing-extensions" },
]
sdist = { url = "https://files.pythonhosted.org/packages/ae/91/442c0ec260ad94ec1f6cae74fa065811f0e4416e4dc38f658ee1052498e4/speechrecognition-3.17.0.tar.gz", hash = "sha256:bd7e609c2ebea1680e75fc5dfbd8b44388c316f134c8d44fa2a30c0f50b346be", size = 32859772, upload-time = "2026-06-17T11:16:52.132Z" }
wheels = [
    { url = "https://files.pythonhosted.org/packages/aa/e7/13e260a9cb53a40177783a882ebdfa437b2414fa21ca6f1cb8d9043b3fc9/speechrecognition-3.17.0-py3-none-any.whl", hash = "sha256:754f2cd9d7fbeff5e05ad91b906350cb7983fd2ef82002d91e117ac44aa94efa", size = 32855722, upload-time = "2026-06-17T11:16:49.316Z" },
]

[[package]]
name = "standard-aifc"
version = "3.13.0"
source = { registry = "https://pypi.org/simple" }
dependencies = [
    { name = "audioop-lts" },
    { name = "standard-chunk" },
]
sdist = { url = "https://files.pythonhosted.org/packages/c4/53/6050dc3dde1671eb3db592c13b55a8005e5040131f7509cef0215212cb84/standard_aifc-3.13.0.tar.gz", hash = "sha256:64e249c7cb4b3daf2fdba4e95721f811bde8bdfc43ad9f936589b7bb2fae2e43", size = 15240, upload-time = "2024-10-30T16:01:31.772Z" }
wheels = [
    { url = "https://files.pythonhosted.org/packages/c3/52/5fbb203394cc852334d1575cc020f6bcec768d2265355984dfd361968f36/standard_aifc-3.13.0-py3-none-any.whl", hash = "sha256:f7ae09cc57de1224a0dd8e3eb8f73830be7c3d0bc485de4c1f82b4a7f645ac66", size = 10492, upload-time = "2024-10-30T16:01:07.071Z" },
]

[[package]]
name = "standard-chunk"
version = "3.13.0"
source = { registry = "https://pypi.org/simple" }
sdist = { url = "https://files.pythonhosted.org/packages/43/06/ce1bb165c1f111c7d23a1ad17204d67224baa69725bb6857a264db61beaf/standard_chunk-3.13.0.tar.gz", hash = "sha256:4ac345d37d7e686d2755e01836b8d98eda0d1a3ee90375e597ae43aaf064d654", size = 4672, upload-time = "2024-10-30T16:18:28.326Z" }
wheels = [
    { url = "https://files.pythonhosted.org/packages/7a/90/a5c1084d87767d787a6caba615aa50dc587229646308d9420c960cb5e4c0/standard_chunk-3.13.0-py3-none-any.whl", hash = "sha256:17880a26c285189c644bd5bd8f8ed2bdb795d216e3293e6dbe55bbd848e2982c", size = 4944, upload-time = "2024-10-30T16:18:26.694Z" },
]

[[package]]
name = "typing-extensions"
version = "4.16.0"
source = { registry = "https://pypi.org/simple" }
sdist = { url = "https://files.pythonhosted.org/packages/f6/cc/6253133b5bb138fc3306cebfbda2c520f545d36b5be2c7255cc528bb45d6/typing_extensions-4.16.0.tar.gz", hash = "sha256:dc983d19a509c94dba722ee6abd33940f7c05a89e243c47e907eb4db6f1a43e5", size = 113555, upload-time = "2026-07-02T08:40:05.92Z" }
wheels = [
    { url = "https://files.pythonhosted.org/packages/49/d3/b8441a820a491ddfc024b0b0cf0393375b75ea13866d9c66727e54c2fc80/typing_extensions-4.16.0-py3-none-any.whl", hash = "sha256:481caa481374e813c1b176ada14e97f1f67a4539ce9cfeb3f350d78d6370c2e8", size = 45571, upload-time = "2026-07-02T08:40:04.659Z" },
]
